
Microsoft Visual Studio Solution File, Format Version 12.00
# Visual Studio Version 17
VisualStudioVersion = 17.4.33213.308
MinimumVisualStudioVersion = 10.0.40219.1
Project("{9A19103F-16F7-4668-BE54-9A1E7A4F7556}") = "InsERT.WebApi", "InsERT.WebApi\InsERT.WebApi.csproj", "{E75574C2-6D12-4D52-95E9-6094B1AE87D1}"
EndProject
Project("{FAE04EC0-301F-11D3-BF4B-00C04F79EFBC}") = "InsERT.WebApi.IntegrationTests", "InsERT.WebApi.IntegrationTests\InsERT.WebApi.IntegrationTests.csproj", "{6C08BF5E-AF86-4F8C-8548-D3E1650085F0}"
EndProject
Global
	GlobalSection(SolutionConfigurationPlatforms) = preSolution
		Debug|Any CPU = Debug|Any CPU
		Release|Any CPU = Release|Any CPU
	EndGlobalSection
	GlobalSection(ProjectConfigurationPlatforms) = postSolution
		{E75574C2-6D12-4D52-95E9-6094B1AE87D1}.Debug|Any CPU.ActiveCfg = Debug|Any CPU
		{E75574C2-6D12-4D52-95E9-6094B1AE87D1}.Debug|Any CPU.Build.0 = Debug|Any CPU
		{E75574C2-6D12-4D52-95E9-6094B1AE87D1}.Release|Any CPU.ActiveCfg = Release|Any CPU
		{E75574C2-6D12-4D52-95E9-6094B1AE87D1}.Release|Any CPU.Build.0 = Release|Any CPU
		{6C08BF5E-AF86-4F8C-8548-D3E1650085F0}.Debug|Any CPU.ActiveCfg = Debug|Any CPU
		{6C08BF5E-AF86-4F8C-8548-D3E1650085F0}.Debug|Any CPU.Build.0 = Debug|Any CPU
		{6C08BF5E-AF86-4F8C-8548-D3E1650085F0}.Release|Any CPU.ActiveCfg = Release|Any CPU
		{6C08BF5E-AF86-4F8C-8548-D3E1650085F0}.Release|Any CPU.Build.0 = Release|Any CPU
	EndGlobalSection
	GlobalSection(SolutionProperties) = preSolution
		HideSolutionNode = FALSE
	EndGlobalSection
	GlobalSection(ExtensibilityGlobals) = postSolution
		SolutionGuid = {D210B7B5-38F6-4CAD-BFFE-F1A29A9458E6}
	EndGlobalSection
EndGlobal
